
Microsoft Visual Studio Solution File, Format Version 12.00
# Visual Studio Version 16
VisualStudioVersion = 16.0.31605.320
MinimumVisualStudioVersion = 10.0.40219.1
Project("{FAE04EC0-301F-11D3-BF4B-00C04F79EFBC}") = "JsPractice", "JsPractice.csproj", "{F7BDD34C-0A96-4F68-A132-3BDD84E1CAFF}"
EndProject
Global
	GlobalSection(SolutionConfigurationPlatforms) = preSolution
		Debug|Any CPU = Debug|Any CPU
		Release|Any CPU = Release|Any CPU
	EndGlobalSection
	GlobalSection(ProjectConfigurationPlatforms) = postSolution
		{F7BDD34C-0A96-4F68-A132-3BDD84E1CAFF}.Debug|Any CPU.ActiveCfg = Debug|Any CPU
		{F7BDD34C-0A96-4F68-A132-3BDD84E1CAFF}.Debug|Any CPU.Build.0 = Debug|Any CPU
		{F7BDD34C-0A96-4F68-A132-3BDD84E1CAFF}.Release|Any CPU.ActiveCfg = Release|Any CPU
		{F7BDD34C-0A96-4F68-A132-3BDD84E1CAFF}.Release|Any CPU.Build.0 = Release|Any CPU
	EndGlobalSection
	GlobalSection(SolutionProperties) = preSolution
		HideSolutionNode = FALSE
	EndGlobalSection
	GlobalSection(ExtensibilityGlobals) = postSolution
		SolutionGuid = {095FE435-8C59-4D8B-BCCC-795E93A81232}
	EndGlobalSection
EndGlobal
